Microsoft Visual Studio Solution File, Format Version 12.00
# Visual Studio 15
VisualStudioVersion = 15.0.27004.2005
MinimumVisualStudioVersion = 10.0.40219.1
Project("{2150E333-8FDC-42A3-9474-1A3956D46DE8}") = "Libs", "Libs", "{4C986A9E-DCD2-4C20-AD68-D91FA50F5A48}"
EndProject
Project("{9A19103F-16F7-4668-BE54-9A1E7A4F7556}") = "SafeApp.AppBindings", "SafeApp.AppBindings\SafeApp.AppBindings.csproj", "{D785B126-3720-4420-8207-3BDBFABCBE05}"
EndProject
Project("{FAE04EC0-301F-11D3-BF4B-00C04F79EFBC}") = "SafeApp.AppBindings.iOS", "SafeApp.AppBindings.iOS\SafeApp.AppBindings.iOS.csproj", "{94220C85-2874-4187-AAE6-8984F4C63031}"
EndProject
Project("{FAE04EC0-301F-11D3-BF4B-00C04F79EFBC}") = "SafeApp.AppBindings.Android", "SafeApp.AppBindings.Android\SafeApp.AppBindings.Android.csproj", "{F0B624AD-E426-4335-B1E0-9C952BC0A3C5}"
EndProject
Project("{9A19103F-16F7-4668-BE54-9A1E7A4F7556}") = "SafeApp.Utilities", "SafeApp.Utilities\SafeApp.Utilities.csproj", "{A0450F47-B05E-4C53-9845-7B89D708D3E3}"
EndProject
Project("{9A19103F-16F7-4668-BE54-9A1E7A4F7556}") = "SafeApp", "SafeApp\SafeApp.csproj", "{82FD8E34-048C-4C74-B7A6-7CEFC054F87D}"
EndProject
Project("{2150E333-8FDC-42A3-9474-1A3956D46DE8}") = "Solution Items", "Solution Items", "{630CCCA1-0ED8-4690-A72E-57F353FC9A57}"
	ProjectSection(SolutionItems) = preProject
		PackageInstructions.txt = PackageInstructions.txt
		SafeApp.nuspec = SafeApp.nuspec
	EndProjectSection
EndProject
Project("{2150E333-8FDC-42A3-9474-1A3956D46DE8}") = "Tests", "Tests", "{C4B0F1CA-FBBD-410B-BB9F-EB47696E3C61}"
EndProject
Project("{9A19103F-16F7-4668-BE54-9A1E7A4F7556}") = "SafeApp.MockAuthBindings", "SafeApp.MockAuthBindings\SafeApp.MockAuthBindings.csproj", "{A50AD45F-A945-41AF-8B22-B2DCAA266EAC}"
EndProject
Project("{FAE04EC0-301F-11D3-BF4B-00C04F79EFBC}") = "SafeApp.MockAuthBindings.iOS", "SafeApp.MockAuthBindings.iOS\SafeApp.MockAuthBindings.iOS.csproj", "{6A42FBFA-03AB-453D-8A2C-7740DFF75E1C}"
EndProject
Project("{FAE04EC0-301F-11D3-BF4B-00C04F79EFBC}") = "SafeApp.MockAuthBindings.Android", "SafeApp.MockAuthBindings.Android\SafeApp.MockAuthBindings.Android.csproj", "{54021988-CA0A-4C25-A389-079C9C456402}"
EndProject
Project("{9A19103F-16F7-4668-BE54-9A1E7A4F7556}") = "SafeApp.AppBindings.Desktop", "SafeApp.AppBindings.Desktop\SafeApp.AppBindings.Desktop.csproj", "{82DA9F6B-B453-4794-8FD9-370CC9CD4A0A}"
EndProject
Project("{9A19103F-16F7-4668-BE54-9A1E7A4F7556}") = "SafeApp.MockAuthBindings.Desktop", "SafeApp.MockAuthBindings.Desktop\SafeApp.MockAuthBindings.Desktop.csproj", "{795EC379-C7C5-4890-8F55-DBE595A1A7E9}"
EndProject
Project("{9A19103F-16F7-4668-BE54-9A1E7A4F7556}") = "SafeApp.Tests.Core", "SafeApp.Tests.Core\SafeApp.Tests.Core.csproj", "{A7ABCC36-6220-4C71-A00D-95FD03016D55}"
EndProject
Project("{FAE04EC0-301F-11D3-BF4B-00C04F79EFBC}") = "SafeApp.Tests.iOS", "SafeApp.Tests.iOS\SafeApp.Tests.iOS.csproj", "{D2CED8F0-7A76-454D-B5F7-9E8B9FE6A58E}"
EndProject
Project("{FAE04EC0-301F-11D3-BF4B-00C04F79EFBC}") = "SafeApp.Tests.Android", "SafeApp.Tests.Android\SafeApp.Tests.Android.csproj", "{AD7B78B0-AE51-4FB7-9B11-4E22A2B538CA}"
EndProject
Global
	GlobalSection(SolutionConfigurationPlatforms) = preSolution
		Ad-Hoc|Any CPU = Ad-Hoc|Any CPU
		Ad-Hoc|iPhone = Ad-Hoc|iPhone
		Ad-Hoc|iPhoneSimulator = Ad-Hoc|iPhoneSimulator
		AppStore|Any CPU = AppStore|Any CPU
		AppStore|iPhone = AppStore|iPhone
		AppStore|iPhoneSimulator = AppStore|iPhoneSimulator
		Debug|Any CPU = Debug|Any CPU
		Debug|iPhone = Debug|iPhone
		Debug|iPhoneSimulator = Debug|iPhoneSimulator
		Release|Any CPU = Release|Any CPU
		Release|iPhone = Release|iPhone
		Release|iPhoneSimulator = Release|iPhoneSimulator
	EndGlobalSection
	GlobalSection(ProjectConfigurationPlatforms) = postSolution
		{D785B126-3720-4420-8207-3BDBFABCBE05}.Ad-Hoc|Any CPU.ActiveCfg = Release|Any CPU
		{D785B126-3720-4420-8207-3BDBFABCBE05}.Ad-Hoc|Any CPU.Build.0 = Release|Any CPU
		{D785B126-3720-4420-8207-3BDBFABCBE05}.Ad-Hoc|iPhone.ActiveCfg = Release|Any CPU
		{D785B126-3720-4420-8207-3BDBFABCBE05}.Ad-Hoc|iPhone.Build.0 = Release|Any CPU
		{D785B126-3720-4420-8207-3BDBFABCBE05}.Ad-Hoc|iPhoneSimulator.ActiveCfg = Release|Any CPU
		{D785B126-3720-4420-8207-3BDBFABCBE05}.Ad-Hoc|iPhoneSimulator.Build.0 = Release|Any CPU
		{D785B126-3720-4420-8207-3BDBFABCBE05}.AppStore|Any CPU.ActiveCfg = Release|Any CPU
		{D785B126-3720-4420-8207-3BDBFABCBE05}.AppStore|Any CPU.Build.0 = Release|Any CPU
		{D785B126-3720-4420-8207-3BDBFABCBE05}.AppStore|iPhone.ActiveCfg = Release|Any CPU
		{D785B126-3720-4420-8207-3BDBFABCBE05}.AppStore|iPhone.Build.0 = Release|Any CPU
		{D785B126-3720-4420-8207-3BDBFABCBE05}.AppStore|iPhoneSimulator.ActiveCfg = Release|Any CPU
		{D785B126-3720-4420-8207-3BDBFABCBE05}.AppStore|iPhoneSimulator.Build.0 = Release|Any CPU
		{D785B126-3720-4420-8207-3BDBFABCBE05}.Debug|Any CPU.ActiveCfg = Debug|Any CPU
		{D785B126-3720-4420-8207-3BDBFABCBE05}.Debug|Any CPU.Build.0 = Debug|Any CPU
		{D785B126-3720-4420-8207-3BDBFABCBE05}.Debug|iPhone.ActiveCfg = Debug|Any CPU
		{D785B126-3720-4420-8207-3BDBFABCBE05}.Debug|iPhone.Build.0 = Debug|Any CPU
		{D785B126-3720-4420-8207-3BDBFABCBE05}.Debug|iPhoneSimulator.ActiveCfg = Debug|Any CPU
		{D785B126-3720-4420-8207-3BDBFABCBE05}.Debug|iPhoneSimulator.Build.0 = Debug|Any CPU
		{D785B126-3720-4420-8207-3BDBFABCBE05}.Release|Any CPU.ActiveCfg = Release|Any CPU
		{D785B126-3720-4420-8207-3BDBFABCBE05}.Release|Any CPU.Build.0 = Release|Any CPU
		{D785B126-3720-4420-8207-3BDBFABCBE05}.Release|iPhone.ActiveCfg = Release|Any CPU
		{D785B126-3720-4420-8207-3BDBFABCBE05}.Release|iPhone.Build.0 = Release|Any CPU
		{D785B126-3720-4420-8207-3BDBFABCBE05}.Release|iPhoneSimulator.ActiveCfg = Release|Any CPU
		{D785B126-3720-4420-8207-3BDBFABCBE05}.Release|iPhoneSimulator.Build.0 = Release|Any CPU
		{94220C85-2874-4187-AAE6-8984F4C63031}.Ad-Hoc|Any CPU.ActiveCfg = Release|Any CPU
		{94220C85-2874-4187-AAE6-8984F4C63031}.Ad-Hoc|Any CPU.Build.0 = Release|Any CPU
		{94220C85-2874-4187-AAE6-8984F4C63031}.Ad-Hoc|iPhone.ActiveCfg = Release|Any CPU
		{94220C85-2874-4187-AAE6-8984F4C63031}.Ad-Hoc|iPhone.Build.0 = Release|Any CPU
		{94220C85-2874-4187-AAE6-8984F4C63031}.Ad-Hoc|iPhoneSimulator.ActiveCfg = Release|Any CPU
		{94220C85-2874-4187-AAE6-8984F4C63031}.Ad-Hoc|iPhoneSimulator.Build.0 = Release|Any CPU
		{94220C85-2874-4187-AAE6-8984F4C63031}.AppStore|Any CPU.ActiveCfg = Release|Any CPU
		{94220C85-2874-4187-AAE6-8984F4C63031}.AppStore|Any CPU.Build.0 = Release|Any CPU
		{94220C85-2874-4187-AAE6-8984F4C63031}.AppStore|iPhone.ActiveCfg = Release|Any CPU
		{94220C85-2874-4187-AAE6-8984F4C63031}.AppStore|iPhone.Build.0 = Release|Any CPU
		{94220C85-2874-4187-AAE6-8984F4C63031}.AppStore|iPhoneSimulator.ActiveCfg = Release|Any CPU
		{94220C85-2874-4187-AAE6-8984F4C63031}.AppStore|iPhoneSimulator.Build.0 = Release|Any CPU
		{94220C85-2874-4187-AAE6-8984F4C63031}.Debug|Any CPU.ActiveCfg = Debug|Any CPU
		{94220C85-2874-4187-AAE6-8984F4C63031}.Debug|Any CPU.Build.0 = Debug|Any CPU
		{94220C85-2874-4187-AAE6-8984F4C63031}.Debug|iPhone.ActiveCfg = Debug|Any CPU
		{94220C85-2874-4187-AAE6-8984F4C63031}.Debug|iPhone.Build.0 = Debug|Any CPU
		{94220C85-2874-4187-AAE6-8984F4C63031}.Debug|iPhoneSimulator.ActiveCfg = Debug|Any CPU
		{94220C85-2874-4187-AAE6-8984F4C63031}.Debug|iPhoneSimulator.Build.0 = Debug|Any CPU
		{94220C85-2874-4187-AAE6-8984F4C63031}.Release|Any CPU.ActiveCfg = Release|Any CPU
		{94220C85-2874-4187-AAE6-8984F4C63031}.Release|Any CPU.Build.0 = Release|Any CPU
		{94220C85-2874-4187-AAE6-8984F4C63031}.Release|iPhone.ActiveCfg = Release|Any CPU
		{94220C85-2874-4187-AAE6-8984F4C63031}.Release|iPhone.Build.0 = Release|Any CPU
		{94220C85-2874-4187-AAE6-8984F4C63031}.Release|iPhoneSimulator.ActiveCfg = Release|Any CPU
		{94220C85-2874-4187-AAE6-8984F4C63031}.Release|iPhoneSimulator.Build.0 = Release|Any CPU
		{F0B624AD-E426-4335-B1E0-9C952BC0A3C5}.Ad-Hoc|Any CPU.ActiveCfg = Release|Any CPU
		{F0B624AD-E426-4335-B1E0-9C952BC0A3C5}.Ad-Hoc|Any CPU.Build.0 = Release|Any CPU
		{F0B624AD-E426-4335-B1E0-9C952BC0A3C5}.Ad-Hoc|iPhone.ActiveCfg = Release|Any CPU
		{F0B624AD-E426-4335-B1E0-9C952BC0A3C5}.Ad-Hoc|iPhone.Build.0 = Release|Any CPU
		{F0B624AD-E426-4335-B1E0-9C952BC0A3C5}.Ad-Hoc|iPhoneSimulator.ActiveCfg = Release|Any CPU
		{F0B624AD-E426-4335-B1E0-9C952BC0A3C5}.Ad-Hoc|iPhoneSimulator.Build.0 = Release|Any CPU
		{F0B624AD-E426-4335-B1E0-9C952BC0A3C5}.AppStore|Any CPU.ActiveCfg = Release|Any CPU
		{F0B624AD-E426-4335-B1E0-9C952BC0A3C5}.AppStore|Any CPU.Build.0 = Release|Any CPU
		{F0B624AD-E426-4335-B1E0-9C952BC0A3C5}.AppStore|iPhone.ActiveCfg = Release|Any CPU
		{F0B624AD-E426-4335-B1E0-9C952BC0A3C5}.AppStore|iPhone.Build.0 = Release|Any CPU
		{F0B624AD-E426-4335-B1E0-9C952BC0A3C5}.AppStore|iPhoneSimulator.ActiveCfg = Release|Any CPU
		{F0B624AD-E426-4335-B1E0-9C952BC0A3C5}.AppStore|iPhoneSimulator.Build.0 = Release|Any CPU
		{F0B624AD-E426-4335-B1E0-9C952BC0A3C5}.Debug|Any CPU.ActiveCfg = Debug|Any CPU
		{F0B624AD-E426-4335-B1E0-9C952BC0A3C5}.Debug|Any CPU.Build.0 = Debug|Any CPU
		{F0B624AD-E426-4335-B1E0-9C952BC0A3C5}.Debug|iPhone.ActiveCfg = Debug|Any CPU
		{F0B624AD-E426-4335-B1E0-9C952BC0A3C5}.Debug|iPhone.Build.0 = Debug|Any CPU
		{F0B624AD-E426-4335-B1E0-9C952BC0A3C5}.Debug|iPhoneSimulator.ActiveCfg = Debug|Any CPU
		{F0B624AD-E426-4335-B1E0-9C952BC0A3C5}.Debug|iPhoneSimulator.Build.0 = Debug|Any CPU
		{F0B624AD-E426-4335-B1E0-9C952BC0A3C5}.Release|Any CPU.ActiveCfg = Release|Any CPU
		{F0B624AD-E426-4335-B1E0-9C952BC0A3C5}.Release|Any CPU.Build.0 = Release|Any CPU
		{F0B624AD-E426-4335-B1E0-9C952BC0A3C5}.Release|iPhone.ActiveCfg = Release|Any CPU
		{F0B624AD-E426-4335-B1E0-9C952BC0A3C5}.Release|iPhone.Build.0 = Release|Any CPU
		{F0B624AD-E426-4335-B1E0-9C952BC0A3C5}.Release|iPhoneSimulator.ActiveCfg = Release|Any CPU
		{F0B624AD-E426-4335-B1E0-9C952BC0A3C5}.Release|iPhoneSimulator.Build.0 = Release|Any CPU
		{A0450F47-B05E-4C53-9845-7B89D708D3E3}.Ad-Hoc|Any CPU.ActiveCfg = Release|Any CPU
		{A0450F47-B05E-4C53-9845-7B89D708D3E3}.Ad-Hoc|Any CPU.Build.0 = Release|Any CPU
		{A0450F47-B05E-4C53-9845-7B89D708D3E3}.Ad-Hoc|iPhone.ActiveCfg = Release|Any CPU
		{A0450F47-B05E-4C53-9845-7B89D708D3E3}.Ad-Hoc|iPhone.Build.0 = Release|Any CPU
		{A0450F47-B05E-4C53-9845-7B89D708D3E3}.Ad-Hoc|iPhoneSimulator.ActiveCfg = Release|Any CPU
		{A0450F47-B05E-4C53-9845-7B89D708D3E3}.Ad-Hoc|iPhoneSimulator.Build.0 = Release|Any CPU
		{A0450F47-B05E-4C53-9845-7B89D708D3E3}.AppStore|Any CPU.ActiveCfg = Release|Any CPU
		{A0450F47-B05E-4C53-9845-7B89D708D3E3}.AppStore|Any CPU.Build.0 = Release|Any CPU
		{A0450F47-B05E-4C53-9845-7B89D708D3E3}.AppStore|iPhone.ActiveCfg = Release|Any CPU
		{A0450F47-B05E-4C53-9845-7B89D708D3E3}.AppStore|iPhone.Build.0 = Release|Any CPU
		{A0450F47-B05E-4C53-9845-7B89D708D3E3}.AppStore|iPhoneSimulator.ActiveCfg = Release|Any CPU
		{A0450F47-B05E-4C53-9845-7B89D708D3E3}.AppStore|iPhoneSimulator.Build.0 = Release|Any CPU
		{A0450F47-B05E-4C53-9845-7B89D708D3E3}.Debug|Any CPU.ActiveCfg = Debug|Any CPU
		{A0450F47-B05E-4C53-9845-7B89D708D3E3}.Debug|Any CPU.Build.0 = Debug|Any CPU
		{A0450F47-B05E-4C53-9845-7B89D708D3E3}.Debug|iPhone.ActiveCfg = Debug|Any CPU
		{A0450F47-B05E-4C53-9845-7B89D708D3E3}.Debug|iPhone.Build.0 = Debug|Any CPU
		{A0450F47-B05E-4C53-9845-7B89D708D3E3}.Debug|iPhoneSimulator.ActiveCfg = Debug|Any CPU
		{A0450F47-B05E-4C53-9845-7B89D708D3E3}.Debug|iPhoneSimulator.Build.0 = Debug|Any CPU
		{A0450F47-B05E-4C53-9845-7B89D708D3E3}.Release|Any CPU.ActiveCfg = Release|Any CPU
		{A0450F47-B05E-4C53-9845-7B89D708D3E3}.Release|Any CPU.Build.0 = Release|Any CPU
		{A0450F47-B05E-4C53-9845-7B89D708D3E3}.Release|iPhone.ActiveCfg = Release|Any CPU
		{A0450F47-B05E-4C53-9845-7B89D708D3E3}.Release|iPhone.Build.0 = Release|Any CPU
		{A0450F47-B05E-4C53-9845-7B89D708D3E3}.Release|iPhoneSimulator.ActiveCfg = Release|Any CPU
		{A0450F47-B05E-4C53-9845-7B89D708D3E3}.Release|iPhoneSimulator.Build.0 = Release|Any CPU
		{82FD8E34-048C-4C74-B7A6-7CEFC054F87D}.Ad-Hoc|Any CPU.ActiveCfg = Release|Any CPU
		{82FD8E34-048C-4C74-B7A6-7CEFC054F87D}.Ad-Hoc|Any CPU.Build.0 = Release|Any CPU
		{82FD8E34-048C-4C74-B7A6-7CEFC054F87D}.Ad-Hoc|iPhone.ActiveCfg = Release|Any CPU
		{82FD8E34-048C-4C74-B7A6-7CEFC054F87D}.Ad-Hoc|iPhone.Build.0 = Release|Any CPU
		{82FD8E34-048C-4C74-B7A6-7CEFC054F87D}.Ad-Hoc|iPhoneSimulator.ActiveCfg = Release|Any CPU
		{82FD8E34-048C-4C74-B7A6-7CEFC054F87D}.Ad-Hoc|iPhoneSimulator.Build.0 = Release|Any CPU
		{82FD8E34-048C-4C74-B7A6-7CEFC054F87D}.AppStore|Any CPU.ActiveCfg = Release|Any CPU
		{82FD8E34-048C-4C74-B7A6-7CEFC054F87D}.AppStore|Any CPU.Build.0 = Release|Any CPU
		{82FD8E34-048C-4C74-B7A6-7CEFC054F87D}.AppStore|iPhone.ActiveCfg = Release|Any CPU
		{82FD8E34-048C-4C74-B7A6-7CEFC054F87D}.AppStore|iPhone.Build.0 = Release|Any CPU
		{82FD8E34-048C-4C74-B7A6-7CEFC054F87D}.AppStore|iPhoneSimulator.ActiveCfg = Release|Any CPU
		{82FD8E34-048C-4C74-B7A6-7CEFC054F87D}.AppStore|iPhoneSimulator.Build.0 = Release|Any CPU
		{82FD8E34-048C-4C74-B7A6-7CEFC054F87D}.Debug|Any CPU.ActiveCfg = Debug|Any CPU
		{82FD8E34-048C-4C74-B7A6-7CEFC054F87D}.Debug|Any CPU.Build.0 = Debug|Any CPU
		{82FD8E34-048C-4C74-B7A6-7CEFC054F87D}.Debug|iPhone.ActiveCfg = Debug|Any CPU
		{82FD8E34-048C-4C74-B7A6-7CEFC054F87D}.Debug|iPhone.Build.0 = Debug|Any CPU
		{82FD8E34-048C-4C74-B7A6-7CEFC054F87D}.Debug|iPhoneSimulator.ActiveCfg = Debug|Any CPU
		{82FD8E34-048C-4C74-B7A6-7CEFC054F87D}.Debug|iPhoneSimulator.Build.0 = Debug|Any CPU
		{82FD8E34-048C-4C74-B7A6-7CEFC054F87D}.Release|Any CPU.ActiveCfg = Release|Any CPU
		{82FD8E34-048C-4C74-B7A6-7CEFC054F87D}.Release|Any CPU.Build.0 = Release|Any CPU
		{82FD8E34-048C-4C74-B7A6-7CEFC054F87D}.Release|iPhone.ActiveCfg = Release|Any CPU
		{82FD8E34-048C-4C74-B7A6-7CEFC054F87D}.Release|iPhone.Build.0 = Release|Any CPU
		{82FD8E34-048C-4C74-B7A6-7CEFC054F87D}.Release|iPhoneSimulator.ActiveCfg = Release|Any CPU
		{82FD8E34-048C-4C74-B7A6-7CEFC054F87D}.Release|iPhoneSimulator.Build.0 = Release|Any CPU
		{A50AD45F-A945-41AF-8B22-B2DCAA266EAC}.Ad-Hoc|Any CPU.ActiveCfg = Release|Any CPU
		{A50AD45F-A945-41AF-8B22-B2DCAA266EAC}.Ad-Hoc|Any CPU.Build.0 = Release|Any CPU
		{A50AD45F-A945-41AF-8B22-B2DCAA266EAC}.Ad-Hoc|iPhone.ActiveCfg = Release|Any CPU
		{A50AD45F-A945-41AF-8B22-B2DCAA266EAC}.Ad-Hoc|iPhone.Build.0 = Release|Any CPU
		{A50AD45F-A945-41AF-8B22-B2DCAA266EAC}.Ad-Hoc|iPhoneSimulator.ActiveCfg = Release|Any CPU
		{A50AD45F-A945-41AF-8B22-B2DCAA266EAC}.Ad-Hoc|iPhoneSimulator.Build.0 = Release|Any CPU
		{A50AD45F-A945-41AF-8B22-B2DCAA266EAC}.AppStore|Any CPU.ActiveCfg = Release|Any CPU
		{A50AD45F-A945-41AF-8B22-B2DCAA266EAC}.AppStore|Any CPU.Build.0 = Release|Any CPU
		{A50AD45F-A945-41AF-8B22-B2DCAA266EAC}.AppStore|iPhone.ActiveCfg = Release|Any CPU
		{A50AD45F-A945-41AF-8B22-B2DCAA266EAC}.AppStore|iPhone.Build.0 = Release|Any CPU
		{A50AD45F-A945-41AF-8B22-B2DCAA266EAC}.AppStore|iPhoneSimulator.ActiveCfg = Release|Any CPU
		{A50AD45F-A945-41AF-8B22-B2DCAA266EAC}.AppStore|iPhoneSimulator.Build.0 = Release|Any CPU
		{A50AD45F-A945-41AF-8B22-B2DCAA266EAC}.Debug|Any CPU.ActiveCfg = Debug|Any CPU
		{A50AD45F-A945-41AF-8B22-B2DCAA266EAC}.Debug|Any CPU.Build.0 = Debug|Any CPU
		{A50AD45F-A945-41AF-8B22-B2DCAA266EAC}.Debug|iPhone.ActiveCfg = Debug|Any CPU
		{A50AD45F-A945-41AF-8B22-B2DCAA266EAC}.Debug|iPhone.Build.0 = Debug|Any CPU
		{A50AD45F-A945-41AF-8B22-B2DCAA266EAC}.Debug|iPhoneSimulator.ActiveCfg = Debug|Any CPU
		{A50AD45F-A945-41AF-8B22-B2DCAA266EAC}.Debug|iPhoneSimulator.Build.0 = Debug|Any CPU
		{A50AD45F-A945-41AF-8B22-B2DCAA266EAC}.Release|Any CPU.ActiveCfg = Release|Any CPU
		{A50AD45F-A945-41AF-8B22-B2DCAA266EAC}.Release|Any CPU.Build.0 = Release|Any CPU
		{A50AD45F-A945-41AF-8B22-B2DCAA266EAC}.Release|iPhone.ActiveCfg = Release|Any CPU
		{A50AD45F-A945-41AF-8B22-B2DCAA266EAC}.Release|iPhone.Build.0 = Release|Any CPU
		{A50AD45F-A945-41AF-8B22-B2DCAA266EAC}.Release|iPhoneSimulator.ActiveCfg = Release|Any CPU
		{A50AD45F-A945-41AF-8B22-B2DCAA266EAC}.Release|iPhoneSimulator.Build.0 = Release|Any CPU
		{6A42FBFA-03AB-453D-8A2C-7740DFF75E1C}.Ad-Hoc|Any CPU.ActiveCfg = Release|Any CPU
		{6A42FBFA-03AB-453D-8A2C-7740DFF75E1C}.Ad-Hoc|Any CPU.Build.0 = Release|Any CPU
		{6A42FBFA-03AB-453D-8A2C-7740DFF75E1C}.Ad-Hoc|iPhone.ActiveCfg = Release|Any CPU
		{6A42FBFA-03AB-453D-8A2C-7740DFF75E1C}.Ad-Hoc|iPhone.Build.0 = Release|Any CPU
		{6A42FBFA-03AB-453D-8A2C-7740DFF75E1C}.Ad-Hoc|iPhoneSimulator.ActiveCfg = Release|Any CPU
		{6A42FBFA-03AB-453D-8A2C-7740DFF75E1C}.Ad-Hoc|iPhoneSimulator.Build.0 = Release|Any CPU
		{6A42FBFA-03AB-453D-8A2C-7740DFF75E1C}.AppStore|Any CPU.ActiveCfg = Release|Any CPU
		{6A42FBFA-03AB-453D-8A2C-7740DFF75E1C}.AppStore|Any CPU.Build.0 = Release|Any CPU
		{6A42FBFA-03AB-453D-8A2C-7740DFF75E1C}.AppStore|iPhone.ActiveCfg = Release|Any CPU
		{6A42FBFA-03AB-453D-8A2C-7740DFF75E1C}.AppStore|iPhone.Build.0 = Release|Any CPU
		{6A42FBFA-03AB-453D-8A2C-7740DFF75E1C}.AppStore|iPhoneSimulator.ActiveCfg = Release|Any CPU
		{6A42FBFA-03AB-453D-8A2C-7740DFF75E1C}.AppStore|iPhoneSimulator.Build.0 = Release|Any CPU
		{6A42FBFA-03AB-453D-8A2C-7740DFF75E1C}.Debug|Any CPU.ActiveCfg = Debug|Any CPU
		{6A42FBFA-03AB-453D-8A2C-7740DFF75E1C}.Debug|Any CPU.Build.0 = Debug|Any CPU
		{6A42FBFA-03AB-453D-8A2C-7740DFF75E1C}.Debug|iPhone.ActiveCfg = Debug|Any CPU
		{6A42FBFA-03AB-453D-8A2C-7740DFF75E1C}.Debug|iPhone.Build.0 = Debug|Any CPU
		{6A42FBFA-03AB-453D-8A2C-7740DFF75E1C}.Debug|iPhoneSimulator.ActiveCfg = Debug|Any CPU
		{6A42FBFA-03AB-453D-8A2C-7740DFF75E1C}.Debug|iPhoneSimulator.Build.0 = Debug|Any CPU
		{6A42FBFA-03AB-453D-8A2C-7740DFF75E1C}.Release|Any CPU.ActiveCfg = Release|Any CPU
		{6A42FBFA-03AB-453D-8A2C-7740DFF75E1C}.Release|Any CPU.Build.0 = Release|Any CPU
		{6A42FBFA-03AB-453D-8A2C-7740DFF75E1C}.Release|iPhone.ActiveCfg = Release|Any CPU
		{6A42FBFA-03AB-453D-8A2C-7740DFF75E1C}.Release|iPhone.Build.0 = Release|Any CPU
		{6A42FBFA-03AB-453D-8A2C-7740DFF75E1C}.Release|iPhoneSimulator.ActiveCfg = Release|Any CPU
		{6A42FBFA-03AB-453D-8A2C-7740DFF75E1C}.Release|iPhoneSimulator.Build.0 = Release|Any CPU
		{54021988-CA0A-4C25-A389-079C9C456402}.Ad-Hoc|Any CPU.ActiveCfg = Release|Any CPU
		{54021988-CA0A-4C25-A389-079C9C456402}.Ad-Hoc|Any CPU.Build.0 = Release|Any CPU
		{54021988-CA0A-4C25-A389-079C9C456402}.Ad-Hoc|iPhone.ActiveCfg = Release|Any CPU
		{54021988-CA0A-4C25-A389-079C9C456402}.Ad-Hoc|iPhone.Build.0 = Release|Any CPU
		{54021988-CA0A-4C25-A389-079C9C456402}.Ad-Hoc|iPhoneSimulator.ActiveCfg = Release|Any CPU
		{54021988-CA0A-4C25-A389-079C9C456402}.Ad-Hoc|iPhoneSimulator.Build.0 = Release|Any CPU
		{54021988-CA0A-4C25-A389-079C9C456402}.AppStore|Any CPU.ActiveCfg = Release|Any CPU
		{54021988-CA0A-4C25-A389-079C9C456402}.AppStore|Any CPU.Build.0 = Release|Any CPU
		{54021988-CA0A-4C25-A389-079C9C456402}.AppStore|iPhone.ActiveCfg = Release|Any CPU
		{54021988-CA0A-4C25-A389-079C9C456402}.AppStore|iPhone.Build.0 = Release|Any CPU
		{54021988-CA0A-4C25-A389-079C9C456402}.AppStore|iPhoneSimulator.ActiveCfg = Release|Any CPU
		{54021988-CA0A-4C25-A389-079C9C456402}.AppStore|iPhoneSimulator.Build.0 = Release|Any CPU
		{54021988-CA0A-4C25-A389-079C9C456402}.Debug|Any CPU.ActiveCfg = Debug|Any CPU
		{54021988-CA0A-4C25-A389-079C9C456402}.Debug|Any CPU.Build.0 = Debug|Any CPU
		{54021988-CA0A-4C25-A389-079C9C456402}.Debug|iPhone.ActiveCfg = Debug|Any CPU
		{54021988-CA0A-4C25-A389-079C9C456402}.Debug|iPhone.Build.0 = Debug|Any CPU
		{54021988-CA0A-4C25-A389-079C9C456402}.Debug|iPhoneSimulator.ActiveCfg = Debug|Any CPU
		{54021988-CA0A-4C25-A389-079C9C456402}.Debug|iPhoneSimulator.Build.0 = Debug|Any CPU
		{54021988-CA0A-4C25-A389-079C9C456402}.Release|Any CPU.ActiveCfg = Release|Any CPU
		{54021988-CA0A-4C25-A389-079C9C456402}.Release|Any CPU.Build.0 = Release|Any CPU
		{54021988-CA0A-4C25-A389-079C9C456402}.Release|iPhone.ActiveCfg = Release|Any CPU
		{54021988-CA0A-4C25-A389-079C9C456402}.Release|iPhone.Build.0 = Release|Any CPU
		{54021988-CA0A-4C25-A389-079C9C456402}.Release|iPhoneSimulator.ActiveCfg = Release|Any CPU
		{54021988-CA0A-4C25-A389-079C9C456402}.Release|iPhoneSimulator.Build.0 = Release|Any CPU
		{82DA9F6B-B453-4794-8FD9-370CC9CD4A0A}.Ad-Hoc|Any CPU.ActiveCfg = Debug|Any CPU
		{82DA9F6B-B453-4794-8FD9-370CC9CD4A0A}.Ad-Hoc|Any CPU.Build.0 = Debug|Any CPU
		{82DA9F6B-B453-4794-8FD9-370CC9CD4A0A}.Ad-Hoc|iPhone.ActiveCfg = Debug|Any CPU
		{82DA9F6B-B453-4794-8FD9-370CC9CD4A0A}.Ad-Hoc|iPhone.Build.0 = Debug|Any CPU
		{82DA9F6B-B453-4794-8FD9-370CC9CD4A0A}.Ad-Hoc|iPhoneSimulator.ActiveCfg = Debug|Any CPU
		{82DA9F6B-B453-4794-8FD9-370CC9CD4A0A}.Ad-Hoc|iPhoneSimulator.Build.0 = Debug|Any CPU
		{82DA9F6B-B453-4794-8FD9-370CC9CD4A0A}.AppStore|Any CPU.ActiveCfg = Debug|Any CPU
		{82DA9F6B-B453-4794-8FD9-370CC9CD4A0A}.AppStore|Any CPU.Build.0 = Debug|Any CPU
		{82DA9F6B-B453-4794-8FD9-370CC9CD4A0A}.AppStore|iPhone.ActiveCfg = Debug|Any CPU
		{82DA9F6B-B453-4794-8FD9-370CC9CD4A0A}.AppStore|iPhone.Build.0 = Debug|Any CPU
		{82DA9F6B-B453-4794-8FD9-370CC9CD4A0A}.AppStore|iPhoneSimulator.ActiveCfg = Debug|Any CPU
		{82DA9F6B-B453-4794-8FD9-370CC9CD4A0A}.AppStore|iPhoneSimulator.Build.0 = Debug|Any CPU
		{82DA9F6B-B453-4794-8FD9-370CC9CD4A0A}.Debug|Any CPU.ActiveCfg = Debug|Any CPU
		{82DA9F6B-B453-4794-8FD9-370CC9CD4A0A}.Debug|Any CPU.Build.0 = Debug|Any CPU
		{82DA9F6B-B453-4794-8FD9-370CC9CD4A0A}.Debug|iPhone.ActiveCfg = Debug|Any CPU
		{82DA9F6B-B453-4794-8FD9-370CC9CD4A0A}.Debug|iPhone.Build.0 = Debug|Any CPU
		{82DA9F6B-B453-4794-8FD9-370CC9CD4A0A}.Debug|iPhoneSimulator.ActiveCfg = Debug|Any CPU
		{82DA9F6B-B453-4794-8FD9-370CC9CD4A0A}.Debug|iPhoneSimulator.Build.0 = Debug|Any CPU
		{82DA9F6B-B453-4794-8FD9-370CC9CD4A0A}.Release|Any CPU.ActiveCfg = Release|Any CPU
		{82DA9F6B-B453-4794-8FD9-370CC9CD4A0A}.Release|Any CPU.Build.0 = Release|Any CPU
		{82DA9F6B-B453-4794-8FD9-370CC9CD4A0A}.Release|iPhone.ActiveCfg = Release|Any CPU
		{82DA9F6B-B453-4794-8FD9-370CC9CD4A0A}.Release|iPhone.Build.0 = Release|Any CPU
		{82DA9F6B-B453-4794-8FD9-370CC9CD4A0A}.Release|iPhoneSimulator.ActiveCfg = Release|Any CPU
		{82DA9F6B-B453-4794-8FD9-370CC9CD4A0A}.Release|iPhoneSimulator.Build.0 = Release|Any CPU
		{795EC379-C7C5-4890-8F55-DBE595A1A7E9}.Ad-Hoc|Any CPU.ActiveCfg = Debug|Any CPU
		{795EC379-C7C5-4890-8F55-DBE595A1A7E9}.Ad-Hoc|Any CPU.Build.0 = Debug|Any CPU
		{795EC379-C7C5-4890-8F55-DBE595A1A7E9}.Ad-Hoc|iPhone.ActiveCfg = Debug|Any CPU
		{795EC379-C7C5-4890-8F55-DBE595A1A7E9}.Ad-Hoc|iPhone.Build.0 = Debug|Any CPU
		{795EC379-C7C5-4890-8F55-DBE595A1A7E9}.Ad-Hoc|iPhoneSimulator.ActiveCfg = Debug|Any CPU
		{795EC379-C7C5-4890-8F55-DBE595A1A7E9}.Ad-Hoc|iPhoneSimulator.Build.0 = Debug|Any CPU
		{795EC379-C7C5-4890-8F55-DBE595A1A7E9}.AppStore|Any CPU.ActiveCfg = Debug|Any CPU
		{795EC379-C7C5-4890-8F55-DBE595A1A7E9}.AppStore|Any CPU.Build.0 = Debug|Any CPU
		{795EC379-C7C5-4890-8F55-DBE595A1A7E9}.AppStore|iPhone.ActiveCfg = Debug|Any CPU
		{795EC379-C7C5-4890-8F55-DBE595A1A7E9}.AppStore|iPhone.Build.0 = Debug|Any CPU
		{795EC379-C7C5-4890-8F55-DBE595A1A7E9}.AppStore|iPhoneSimulator.ActiveCfg = Debug|Any CPU
		{795EC379-C7C5-4890-8F55-DBE595A1A7E9}.AppStore|iPhoneSimulator.Build.0 = Debug|Any CPU
		{795EC379-C7C5-4890-8F55-DBE595A1A7E9}.Debug|Any CPU.ActiveCfg = Debug|Any CPU
		{795EC379-C7C5-4890-8F55-DBE595A1A7E9}.Debug|Any CPU.Build.0 = Debug|Any CPU
		{795EC379-C7C5-4890-8F55-DBE595A1A7E9}.Debug|iPhone.ActiveCfg = Debug|Any CPU
		{795EC379-C7C5-4890-8F55-DBE595A1A7E9}.Debug|iPhone.Build.0 = Debug|Any CPU
		{795EC379-C7C5-4890-8F55-DBE595A1A7E9}.Debug|iPhoneSimulator.ActiveCfg = Debug|Any CPU
		{795EC379-C7C5-4890-8F55-DBE595A1A7E9}.Debug|iPhoneSimulator.Build.0 = Debug|Any CPU
		{795EC379-C7C5-4890-8F55-DBE595A1A7E9}.Release|Any CPU.ActiveCfg = Release|Any CPU
		{795EC379-C7C5-4890-8F55-DBE595A1A7E9}.Release|Any CPU.Build.0 = Release|Any CPU
		{795EC379-C7C5-4890-8F55-DBE595A1A7E9}.Release|iPhone.ActiveCfg = Release|Any CPU
		{795EC379-C7C5-4890-8F55-DBE595A1A7E9}.Release|iPhone.Build.0 = Release|Any CPU
		{795EC379-C7C5-4890-8F55-DBE595A1A7E9}.Release|iPhoneSimulator.ActiveCfg = Release|Any CPU
		{795EC379-C7C5-4890-8F55-DBE595A1A7E9}.Release|iPhoneSimulator.Build.0 = Release|Any CPU
		{A7ABCC36-6220-4C71-A00D-95FD03016D55}.Ad-Hoc|Any CPU.ActiveCfg = Debug|Any CPU
		{A7ABCC36-6220-4C71-A00D-95FD03016D55}.Ad-Hoc|Any CPU.Build.0 = Debug|Any CPU
		{A7ABCC36-6220-4C71-A00D-95FD03016D55}.Ad-Hoc|iPhone.ActiveCfg = Debug|Any CPU
		{A7ABCC36-6220-4C71-A00D-95FD03016D55}.Ad-Hoc|iPhone.Build.0 = Debug|Any CPU
		{A7ABCC36-6220-4C71-A00D-95FD03016D55}.Ad-Hoc|iPhoneSimulator.ActiveCfg = Debug|Any CPU
		{A7ABCC36-6220-4C71-A00D-95FD03016D55}.Ad-Hoc|iPhoneSimulator.Build.0 = Debug|Any CPU
		{A7ABCC36-6220-4C71-A00D-95FD03016D55}.AppStore|Any CPU.ActiveCfg = Debug|Any CPU
		{A7ABCC36-6220-4C71-A00D-95FD03016D55}.AppStore|Any CPU.Build.0 = Debug|Any CPU
		{A7ABCC36-6220-4C71-A00D-95FD03016D55}.AppStore|iPhone.ActiveCfg = Debug|Any CPU
		{A7ABCC36-6220-4C71-A00D-95FD03016D55}.AppStore|iPhone.Build.0 = Debug|Any CPU
		{A7ABCC36-6220-4C71-A00D-95FD03016D55}.AppStore|iPhoneSimulator.ActiveCfg = Debug|Any CPU
		{A7ABCC36-6220-4C71-A00D-95FD03016D55}.AppStore|iPhoneSimulator.Build.0 = Debug|Any CPU
		{A7ABCC36-6220-4C71-A00D-95FD03016D55}.Debug|Any CPU.ActiveCfg = Debug|Any CPU
		{A7ABCC36-6220-4C71-A00D-95FD03016D55}.Debug|Any CPU.Build.0 = Debug|Any CPU
		{A7ABCC36-6220-4C71-A00D-95FD03016D55}.Debug|iPhone.ActiveCfg = Debug|Any CPU
		{A7ABCC36-6220-4C71-A00D-95FD03016D55}.Debug|iPhone.Build.0 = Debug|Any CPU
		{A7ABCC36-6220-4C71-A00D-95FD03016D55}.Debug|iPhoneSimulator.ActiveCfg = Debug|Any CPU
		{A7ABCC36-6220-4C71-A00D-95FD03016D55}.Debug|iPhoneSimulator.Build.0 = Debug|Any CPU
		{A7ABCC36-6220-4C71-A00D-95FD03016D55}.Release|Any CPU.ActiveCfg = Release|Any CPU
		{A7ABCC36-6220-4C71-A00D-95FD03016D55}.Release|Any CPU.Build.0 = Release|Any CPU
		{A7ABCC36-6220-4C71-A00D-95FD03016D55}.Release|iPhone.ActiveCfg = Release|Any CPU
		{A7ABCC36-6220-4C71-A00D-95FD03016D55}.Release|iPhone.Build.0 = Release|Any CPU
		{A7ABCC36-6220-4C71-A00D-95FD03016D55}.Release|iPhoneSimulator.ActiveCfg = Release|Any CPU
		{A7ABCC36-6220-4C71-A00D-95FD03016D55}.Release|iPhoneSimulator.Build.0 = Release|Any CPU
		{D2CED8F0-7A76-454D-B5F7-9E8B9FE6A58E}.Ad-Hoc|Any CPU.ActiveCfg = Ad-Hoc|iPhone
		{D2CED8F0-7A76-454D-B5F7-9E8B9FE6A58E}.Ad-Hoc|iPhone.ActiveCfg = Ad-Hoc|iPhone
		{D2CED8F0-7A76-454D-B5F7-9E8B9FE6A58E}.Ad-Hoc|iPhone.Build.0 = Ad-Hoc|iPhone
		{D2CED8F0-7A76-454D-B5F7-9E8B9FE6A58E}.Ad-Hoc|iPhoneSimulator.ActiveCfg = Ad-Hoc|iPhoneSimulator
		{D2CED8F0-7A76-454D-B5F7-9E8B9FE6A58E}.Ad-Hoc|iPhoneSimulator.Build.0 = Ad-Hoc|iPhoneSimulator
		{D2CED8F0-7A76-454D-B5F7-9E8B9FE6A58E}.AppStore|Any CPU.ActiveCfg = AppStore|iPhone
		{D2CED8F0-7A76-454D-B5F7-9E8B9FE6A58E}.AppStore|iPhone.ActiveCfg = AppStore|iPhone
		{D2CED8F0-7A76-454D-B5F7-9E8B9FE6A58E}.AppStore|iPhone.Build.0 = AppStore|iPhone
		{D2CED8F0-7A76-454D-B5F7-9E8B9FE6A58E}.AppStore|iPhoneSimulator.ActiveCfg = AppStore|iPhoneSimulator
		{D2CED8F0-7A76-454D-B5F7-9E8B9FE6A58E}.AppStore|iPhoneSimulator.Build.0 = AppStore|iPhoneSimulator
		{D2CED8F0-7A76-454D-B5F7-9E8B9FE6A58E}.Debug|Any CPU.ActiveCfg = Debug|iPhone
		{D2CED8F0-7A76-454D-B5F7-9E8B9FE6A58E}.Debug|iPhone.ActiveCfg = Debug|iPhone
		{D2CED8F0-7A76-454D-B5F7-9E8B9FE6A58E}.Debug|iPhone.Build.0 = Debug|iPhone
		{D2CED8F0-7A76-454D-B5F7-9E8B9FE6A58E}.Debug|iPhoneSimulator.ActiveCfg = Debug|iPhoneSimulator
		{D2CED8F0-7A76-454D-B5F7-9E8B9FE6A58E}.Debug|iPhoneSimulator.Build.0 = Debug|iPhoneSimulator
		{D2CED8F0-7A76-454D-B5F7-9E8B9FE6A58E}.Release|Any CPU.ActiveCfg = Release|iPhone
		{D2CED8F0-7A76-454D-B5F7-9E8B9FE6A58E}.Release|iPhone.ActiveCfg = Release|iPhone
		{D2CED8F0-7A76-454D-B5F7-9E8B9FE6A58E}.Release|iPhone.Build.0 = Release|iPhone
		{D2CED8F0-7A76-454D-B5F7-9E8B9FE6A58E}.Release|iPhoneSimulator.ActiveCfg = Release|iPhoneSimulator
		{D2CED8F0-7A76-454D-B5F7-9E8B9FE6A58E}.Release|iPhoneSimulator.Build.0 = Release|iPhoneSimulator
		{AD7B78B0-AE51-4FB7-9B11-4E22A2B538CA}.Ad-Hoc|Any CPU.ActiveCfg = Release|Any CPU
		{AD7B78B0-AE51-4FB7-9B11-4E22A2B538CA}.Ad-Hoc|Any CPU.Build.0 = Release|Any CPU
		{AD7B78B0-AE51-4FB7-9B11-4E22A2B538CA}.Ad-Hoc|Any CPU.Deploy.0 = Release|Any CPU
		{AD7B78B0-AE51-4FB7-9B11-4E22A2B538CA}.Ad-Hoc|iPhone.ActiveCfg = Release|Any CPU
		{AD7B78B0-AE51-4FB7-9B11-4E22A2B538CA}.Ad-Hoc|iPhone.Build.0 = Release|Any CPU
		{AD7B78B0-AE51-4FB7-9B11-4E22A2B538CA}.Ad-Hoc|iPhone.Deploy.0 = Release|Any CPU
		{AD7B78B0-AE51-4FB7-9B11-4E22A2B538CA}.Ad-Hoc|iPhoneSimulator.ActiveCfg = Release|Any CPU
		{AD7B78B0-AE51-4FB7-9B11-4E22A2B538CA}.Ad-Hoc|iPhoneSimulator.Build.0 = Release|Any CPU
		{AD7B78B0-AE51-4FB7-9B11-4E22A2B538CA}.Ad-Hoc|iPhoneSimulator.Deploy.0 = Release|Any CPU
		{AD7B78B0-AE51-4FB7-9B11-4E22A2B538CA}.AppStore|Any CPU.ActiveCfg = Release|Any CPU
		{AD7B78B0-AE51-4FB7-9B11-4E22A2B538CA}.AppStore|Any CPU.Build.0 = Release|Any CPU
		{AD7B78B0-AE51-4FB7-9B11-4E22A2B538CA}.AppStore|Any CPU.Deploy.0 = Release|Any CPU
		{AD7B78B0-AE51-4FB7-9B11-4E22A2B538CA}.AppStore|iPhone.ActiveCfg = Release|Any CPU
		{AD7B78B0-AE51-4FB7-9B11-4E22A2B538CA}.AppStore|iPhone.Build.0 = Release|Any CPU
		{AD7B78B0-AE51-4FB7-9B11-4E22A2B538CA}.AppStore|iPhone.Deploy.0 = Release|Any CPU
		{AD7B78B0-AE51-4FB7-9B11-4E22A2B538CA}.AppStore|iPhoneSimulator.ActiveCfg = Release|Any CPU
		{AD7B78B0-AE51-4FB7-9B11-4E22A2B538CA}.AppStore|iPhoneSimulator.Build.0 = Release|Any CPU
		{AD7B78B0-AE51-4FB7-9B11-4E22A2B538CA}.AppStore|iPhoneSimulator.Deploy.0 = Release|Any CPU
		{AD7B78B0-AE51-4FB7-9B11-4E22A2B538CA}.Debug|Any CPU.ActiveCfg = Debug|Any CPU
		{AD7B78B0-AE51-4FB7-9B11-4E22A2B538CA}.Debug|Any CPU.Build.0 = Debug|Any CPU
		{AD7B78B0-AE51-4FB7-9B11-4E22A2B538CA}.Debug|Any CPU.Deploy.0 = Debug|Any CPU
		{AD7B78B0-AE51-4FB7-9B11-4E22A2B538CA}.Debug|iPhone.ActiveCfg = Debug|Any CPU
		{AD7B78B0-AE51-4FB7-9B11-4E22A2B538CA}.Debug|iPhone.Build.0 = Debug|Any CPU
		{AD7B78B0-AE51-4FB7-9B11-4E22A2B538CA}.Debug|iPhone.Deploy.0 = Debug|Any CPU
		{AD7B78B0-AE51-4FB7-9B11-4E22A2B538CA}.Debug|iPhoneSimulator.ActiveCfg = Debug|Any CPU
		{AD7B78B0-AE51-4FB7-9B11-4E22A2B538CA}.Debug|iPhoneSimulator.Build.0 = Debug|Any CPU
		{AD7B78B0-AE51-4FB7-9B11-4E22A2B538CA}.Debug|iPhoneSimulator.Deploy.0 = Debug|Any CPU
		{AD7B78B0-AE51-4FB7-9B11-4E22A2B538CA}.Release|Any CPU.ActiveCfg = Release|Any CPU
		{AD7B78B0-AE51-4FB7-9B11-4E22A2B538CA}.Release|Any CPU.Build.0 = Release|Any CPU
		{AD7B78B0-AE51-4FB7-9B11-4E22A2B538CA}.Release|Any CPU.Deploy.0 = Release|Any CPU
		{AD7B78B0-AE51-4FB7-9B11-4E22A2B538CA}.Release|iPhone.ActiveCfg = Release|Any CPU
		{AD7B78B0-AE51-4FB7-9B11-4E22A2B538CA}.Release|iPhone.Build.0 = Release|Any CPU
		{AD7B78B0-AE51-4FB7-9B11-4E22A2B538CA}.Release|iPhone.Deploy.0 = Release|Any CPU
		{AD7B78B0-AE51-4FB7-9B11-4E22A2B538CA}.Release|iPhoneSimulator.ActiveCfg = Release|Any CPU
		{AD7B78B0-AE51-4FB7-9B11-4E22A2B538CA}.Release|iPhoneSimulator.Build.0 = Release|Any CPU
		{AD7B78B0-AE51-4FB7-9B11-4E22A2B538CA}.Release|iPhoneSimulator.Deploy.0 = Release|Any CPU
	EndGlobalSection
	GlobalSection(SolutionProperties) = preSolution
		HideSolutionNode = FALSE
	EndGlobalSection
	GlobalSection(NestedProjects) = preSolution
		{D785B126-3720-4420-8207-3BDBFABCBE05} = {4C986A9E-DCD2-4C20-AD68-D91FA50F5A48}
		{94220C85-2874-4187-AAE6-8984F4C63031} = {4C986A9E-DCD2-4C20-AD68-D91FA50F5A48}
		{F0B624AD-E426-4335-B1E0-9C952BC0A3C5} = {4C986A9E-DCD2-4C20-AD68-D91FA50F5A48}
		{A0450F47-B05E-4C53-9845-7B89D708D3E3} = {4C986A9E-DCD2-4C20-AD68-D91FA50F5A48}
		{82FD8E34-048C-4C74-B7A6-7CEFC054F87D} = {4C986A9E-DCD2-4C20-AD68-D91FA50F5A48}
		{A50AD45F-A945-41AF-8B22-B2DCAA266EAC} = {4C986A9E-DCD2-4C20-AD68-D91FA50F5A48}
		{6A42FBFA-03AB-453D-8A2C-7740DFF75E1C} = {4C986A9E-DCD2-4C20-AD68-D91FA50F5A48}
		{54021988-CA0A-4C25-A389-079C9C456402} = {4C986A9E-DCD2-4C20-AD68-D91FA50F5A48}
		{82DA9F6B-B453-4794-8FD9-370CC9CD4A0A} = {4C986A9E-DCD2-4C20-AD68-D91FA50F5A48}
		{795EC379-C7C5-4890-8F55-DBE595A1A7E9} = {4C986A9E-DCD2-4C20-AD68-D91FA50F5A48}
		{A7ABCC36-6220-4C71-A00D-95FD03016D55} = {C4B0F1CA-FBBD-410B-BB9F-EB47696E3C61}
		{D2CED8F0-7A76-454D-B5F7-9E8B9FE6A58E} = {C4B0F1CA-FBBD-410B-BB9F-EB47696E3C61}
		{AD7B78B0-AE51-4FB7-9B11-4E22A2B538CA} = {C4B0F1CA-FBBD-410B-BB9F-EB47696E3C61}
	EndGlobalSection
	GlobalSection(ExtensibilityGlobals) = postSolution
		SolutionGuid = {F0C997FD-90BA-48E2-AC4D-60A84409C659}
	EndGlobalSection
EndGlobal
