
Microsoft Visual Studio Solution File, Format Version 12.00
# Visual Studio 15
VisualStudioVersion = 15.0.26730.16
MinimumVisualStudioVersion = 10.0.40219.1
Project("{2150E333-8FDC-42A3-9474-1A3956D46DE8}") = "Libs", "Libs", "{4C986A9E-DCD2-4C20-AD68-D91FA50F5A48}"
EndProject
Project("{9A19103F-16F7-4668-BE54-9A1E7A4F7556}") = "SafeApp.NativeBindings", "SafeApp.NativeBindings\SafeApp.NativeBindings.csproj", "{D785B126-3720-4420-8207-3BDBFABCBE05}"
EndProject
Project("{FAE04EC0-301F-11D3-BF4B-00C04F79EFBC}") = "SafeApp.NativeBindings.iOS", "SafeApp.NativeBindings.iOS\SafeApp.NativeBindings.iOS.csproj", "{94220C85-2874-4187-AAE6-8984F4C63031}"
EndProject
Project("{FAE04EC0-301F-11D3-BF4B-00C04F79EFBC}") = "SafeApp.NativeBindings.Android", "SafeApp.NativeBindings.Android\SafeApp.NativeBindings.Android.csproj", "{F0B624AD-E426-4335-B1E0-9C952BC0A3C5}"
EndProject
Project("{9A19103F-16F7-4668-BE54-9A1E7A4F7556}") = "SafeApp.Utilities", "SafeApp.Utilities\SafeApp.Utilities.csproj", "{A0450F47-B05E-4C53-9845-7B89D708D3E3}"
EndProject
Project("{9A19103F-16F7-4668-BE54-9A1E7A4F7556}") = "SafeApp", "SafeApp\SafeApp.csproj", "{82FD8E34-048C-4C74-B7A6-7CEFC054F87D}"
EndProject
Project("{2150E333-8FDC-42A3-9474-1A3956D46DE8}") = "Solution Items", "Solution Items", "{630CCCA1-0ED8-4690-A72E-57F353FC9A57}"
	ProjectSection(SolutionItems) = preProject
		PackageInstructions.txt = PackageInstructions.txt
		SafeApp.nuspec = SafeApp.nuspec
	EndProjectSection
EndProject
Global
	GlobalSection(SolutionConfigurationPlatforms) = preSolution
		Debug|Any CPU = Debug|Any CPU
		Release|Any CPU = Release|Any CPU
	EndGlobalSection
	GlobalSection(ProjectConfigurationPlatforms) = postSolution
		{D785B126-3720-4420-8207-3BDBFABCBE05}.Debug|Any CPU.ActiveCfg = Debug|Any CPU
		{D785B126-3720-4420-8207-3BDBFABCBE05}.Debug|Any CPU.Build.0 = Debug|Any CPU
		{D785B126-3720-4420-8207-3BDBFABCBE05}.Release|Any CPU.ActiveCfg = Release|Any CPU
		{D785B126-3720-4420-8207-3BDBFABCBE05}.Release|Any CPU.Build.0 = Release|Any CPU
		{94220C85-2874-4187-AAE6-8984F4C63031}.Debug|Any CPU.ActiveCfg = Debug|Any CPU
		{94220C85-2874-4187-AAE6-8984F4C63031}.Debug|Any CPU.Build.0 = Debug|Any CPU
		{94220C85-2874-4187-AAE6-8984F4C63031}.Release|Any CPU.ActiveCfg = Release|Any CPU
		{94220C85-2874-4187-AAE6-8984F4C63031}.Release|Any CPU.Build.0 = Release|Any CPU
		{F0B624AD-E426-4335-B1E0-9C952BC0A3C5}.Debug|Any CPU.ActiveCfg = Debug|Any CPU
		{F0B624AD-E426-4335-B1E0-9C952BC0A3C5}.Debug|Any CPU.Build.0 = Debug|Any CPU
		{F0B624AD-E426-4335-B1E0-9C952BC0A3C5}.Release|Any CPU.ActiveCfg = Release|Any CPU
		{F0B624AD-E426-4335-B1E0-9C952BC0A3C5}.Release|Any CPU.Build.0 = Release|Any CPU
		{A0450F47-B05E-4C53-9845-7B89D708D3E3}.Debug|Any CPU.ActiveCfg = Debug|Any CPU
		{A0450F47-B05E-4C53-9845-7B89D708D3E3}.Debug|Any CPU.Build.0 = Debug|Any CPU
		{A0450F47-B05E-4C53-9845-7B89D708D3E3}.Release|Any CPU.ActiveCfg = Release|Any CPU
		{A0450F47-B05E-4C53-9845-7B89D708D3E3}.Release|Any CPU.Build.0 = Release|Any CPU
		{82FD8E34-048C-4C74-B7A6-7CEFC054F87D}.Debug|Any CPU.ActiveCfg = Debug|Any CPU
		{82FD8E34-048C-4C74-B7A6-7CEFC054F87D}.Debug|Any CPU.Build.0 = Debug|Any CPU
		{82FD8E34-048C-4C74-B7A6-7CEFC054F87D}.Release|Any CPU.ActiveCfg = Release|Any CPU
		{82FD8E34-048C-4C74-B7A6-7CEFC054F87D}.Release|Any CPU.Build.0 = Release|Any CPU
	EndGlobalSection
	GlobalSection(SolutionProperties) = preSolution
		HideSolutionNode = FALSE
	EndGlobalSection
	GlobalSection(NestedProjects) = preSolution
		{D785B126-3720-4420-8207-3BDBFABCBE05} = {4C986A9E-DCD2-4C20-AD68-D91FA50F5A48}
		{94220C85-2874-4187-AAE6-8984F4C63031} = {4C986A9E-DCD2-4C20-AD68-D91FA50F5A48}
		{F0B624AD-E426-4335-B1E0-9C952BC0A3C5} = {4C986A9E-DCD2-4C20-AD68-D91FA50F5A48}
		{A0450F47-B05E-4C53-9845-7B89D708D3E3} = {4C986A9E-DCD2-4C20-AD68-D91FA50F5A48}
		{82FD8E34-048C-4C74-B7A6-7CEFC054F87D} = {4C986A9E-DCD2-4C20-AD68-D91FA50F5A48}
	EndGlobalSection
	GlobalSection(ExtensibilityGlobals) = postSolution
		SolutionGuid = {F0C997FD-90BA-48E2-AC4D-60A84409C659}
	EndGlobalSection
EndGlobal
